
Microsoft Visual Studio Solution File, Format Version 12.00
# Visual Studio Version 17
VisualStudioVersion = 17.13.35931.197 d17.13
MinimumVisualStudioVersion = 10.0.40219.1
Project("{FAE04EC0-301F-11D3-BF4B-00C04F79EFBC}") = "MinimalApi_Training", "MinimalApi_Training\MinimalApi_Training.csproj", "{D99D7F3C-6FEA-498F-AB49-1E93A4AFA36E}"
EndProject
Global
	GlobalSection(SolutionConfigurationPlatforms) = preSolution
		Debug|Any CPU = Debug|Any CPU
		Release|Any CPU = Release|Any CPU
	EndGlobalSection
	GlobalSection(ProjectConfigurationPlatforms) = postSolution
		{D99D7F3C-6FEA-498F-AB49-1E93A4AFA36E}.Debug|Any CPU.ActiveCfg = Debug|Any CPU
		{D99D7F3C-6FEA-498F-AB49-1E93A4AFA36E}.Debug|Any CPU.Build.0 = Debug|Any CPU
		{D99D7F3C-6FEA-498F-AB49-1E93A4AFA36E}.Release|Any CPU.ActiveCfg = Release|Any CPU
		{D99D7F3C-6FEA-498F-AB49-1E93A4AFA36E}.Release|Any CPU.Build.0 = Release|Any CPU
	EndGlobalSection
	GlobalSection(SolutionProperties) = preSolution
		HideSolutionNode = FALSE
	EndGlobalSection
	GlobalSection(ExtensibilityGlobals) = postSolution
		SolutionGuid = {4C177C92-7FB1-4AF5-B5B0-0EC565C9DF63}
	EndGlobalSection
EndGlobal
